// !$*UTF8*$!
{
	archiveVersion = 1;
	classes = {
	};
	objectVersion = 46;
	objects = {

/* Begin PBXBuildFile section */
		96AA88F41DDA46CC00AAFDAA /* AppDelegate.swift in Sources */ = {isa = PBXBuildFile; fileRef = 96AA88F31DDA46CC00AAFDAA /* AppDelegate.swift */; };
		96AA88F61DDA46CC00AAFDAA /* EhVC.swift in Sources */ = {isa = PBXBuildFile; fileRef = 96AA88F51DDA46CC00AAFDAA /* EhVC.swift */; };
		96AA88F81DDA46CC00AAFDAA /* BeeVC.swift in Sources */ = {isa = PBXBuildFile; fileRef = 96AA88F71DDA46CC00AAFDAA /* BeeVC.swift */; };
		96AA88FB1DDA46CC00AAFDAA /* Main.storyboard in Resources */ = {isa = PBXBuildFile; fileRef = 96AA88F91DDA46CC00AAFDAA /* Main.storyboard */; };
		96AA88FD1DDA46CC00AAFDAA /* Assets.xcassets in Resources */ = {isa = PBXBuildFile; fileRef = 96AA88FC1DDA46CC00AAFDAA /* Assets.xcassets */; };
		96AA89001DDA46CC00AAFDAA /* LaunchScreen.storyboard in Resources */ = {isa = PBXBuildFile; fileRef = 96AA88FE1DDA46CC00AAFDAA /* LaunchScreen.storyboard */; };
		96AA890A1DDA494200AAFDAA /* SeaVC.swift in Sources */ = {isa = PBXBuildFile; fileRef = 96AA89091DDA494200AAFDAA /* SeaVC.swift */; };
/* End PBXBuildFile section */

/* Begin PBXFileReference section */
		96AA88F01DDA46CC00AAFDAA /* GIT-ICE-SD.app */ = {isa = PBXFileReference; explicitFileType = wrapper.application; includeInIndex = 0; path = "GIT-ICE-SD.app"; sourceTree = BUILT_PRODUCTS_DIR; };
		96AA88F31DDA46CC00AAFDAA /* AppDelegate.swift */ = {isa = PBXFileReference; lastKnownFileType = sourcecode.swift; path = AppDelegate.swift; sourceTree = "<group>"; };
		96AA88F51DDA46CC00AAFDAA /* EhVC.swift */ = {isa = PBXFileReference; lastKnownFileType = sourcecode.swift; path = EhVC.swift; sourceTree = "<group>"; };
		96AA88F71DDA46CC00AAFDAA /* BeeVC.swift */ = {isa = PBXFileReference; lastKnownFileType = sourcecode.swift; path = BeeVC.swift; sourceTree = "<group>"; };
		96AA88FA1DDA46CC00AAFDAA /* Base */ = {isa = PBXFileReference; lastKnownFileType = file.storyboard; name = Base; path = Base.lproj/Main.storyboard; sourceTree = "<group>"; };
		96AA88FC1DDA46CC00AAFDAA /* Assets.xcassets */ = {isa = PBXFileReference; lastKnownFileType = folder.assetcatalog; path = Assets.xcassets; sourceTree = "<group>"; };
		96AA88FF1DDA46CC00AAFDAA /* Base */ = {isa = PBXFileReference; lastKnownFileType = file.storyboard; name = Base; path = Base.lproj/LaunchScreen.storyboard; sourceTree = "<group>"; };
		96AA89011DDA46CC00AAFDAA /* Info.plist */ = {isa = PBXFileReference; lastKnownFileType = text.plist.xml; path = Info.plist; sourceTree = "<group>"; };
		96AA89091DDA494200AAFDAA /* SeaVC.swift */ = {isa = PBXFileReference; fileEncoding = 4; lastKnownFileType = sourcecode.swift; path = SeaVC.swift; sourceTree = "<group>"; };
/* End PBXFileReference section */

/* Begin PBXFrameworksBuildPhase section */
		96AA88ED1DDA46CC00AAFDAA /* Frameworks */ = {
			isa = PBXFrameworksBuildPhase;
			buildActionMask = 2147483647;
			files = (
			);
			runOnlyForDeploymentPostprocessing = 0;
		};
/* End PBXFrameworksBuildPhase section */

/* Begin PBXGroup section */
		96AA88E71DDA46CC00AAFDAA = {
			isa = PBXGroup;
			children = (
				96AA88F21DDA46CC00AAFDAA /* GIT-ICE-SD */,
				96AA88F11DDA46CC00AAFDAA /* Products */,
			);
			sourceTree = "<group>";
		};
		96AA88F11DDA46CC00AAFDAA /* Products */ = {
			isa = PBXGroup;
			children = (
				96AA88F01DDA46CC00AAFDAA /* GIT-ICE-SD.app */,
			);
			name = Products;
			sourceTree = "<group>";
		};
		96AA88F21DDA46CC00AAFDAA /* GIT-ICE-SD */ = {
			isa = PBXGroup;
			children = (
				96AA88F31DDA46CC00AAFDAA /* AppDelegate.swift */,
				96AA88F51DDA46CC00AAFDAA /* EhVC.swift */,
				96AA88F71DDA46CC00AAFDAA /* BeeVC.swift */,
				96AA89091DDA494200AAFDAA /* SeaVC.swift */,
				96AA88F91DDA46CC00AAFDAA /* Main.storyboard */,
				96AA88FC1DDA46CC00AAFDAA /* Assets.xcassets */,
				96AA88FE1DDA46CC00AAFDAA /* LaunchScreen.storyboard */,
				96AA89011DDA46CC00AAFDAA /* Info.plist */,
			);
			path = "GIT-ICE-SD";
			sourceTree = "<group>";
		};
/* End PBXGroup section */

/* Begin PBXNativeTarget section */
		96AA88EF1DDA46CC00AAFDAA /* GIT-ICE-SD */ = {
			isa = PBXNativeTarget;
			buildConfigurationList = 96AA89041DDA46CC00AAFDAA /* Build configuration list for PBXNativeTarget "GIT-ICE-SD" */;
			buildPhases = (
				96AA88EC1DDA46CC00AAFDAA /* Sources */,
				96AA88ED1DDA46CC00AAFDAA /* Frameworks */,
				96AA88EE1DDA46CC00AAFDAA /* Resources */,
			);
			buildRules = (
			);
			dependencies = (
			);
			name = "GIT-ICE-SD";
			productName = "GIT-ICE-SD";
			productReference = 96AA88F01DDA46CC00AAFDAA /* GIT-ICE-SD.app */;
			productType = "com.apple.product-type.application";
		};
/* End PBXNativeTarget section */

/* Begin PBXProject section */
		96AA88E81DDA46CC00AAFDAA /* Project object */ = {
			isa = PBXProject;
			attributes = {
				LastSwiftUpdateCheck = 0730;
				LastUpgradeCheck = 0730;
				ORGANIZATIONNAME = "Devisetty,Sri Harsha";
				TargetAttributes = {
					96AA88EF1DDA46CC00AAFDAA = {
						CreatedOnToolsVersion = 7.3.1;
					};
				};
			};
			buildConfigurationList = 96AA88EB1DDA46CC00AAFDAA /* Build configuration list for PBXProject "GIT-ICE-SD" */;
			compatibilityVersion = "Xcode 3.2";
			developmentRegion = English;
			hasScannedForEncodings = 0;
			knownRegions = (
				en,
				Base,
			);
			mainGroup = 96AA88E71DDA46CC00AAFDAA;
			productRefGroup = 96AA88F11DDA46CC00AAFDAA /* Products */;
			projectDirPath = "";
			projectRoot = "";
			targets = (
				96AA88EF1DDA46CC00AAFDAA /* GIT-ICE-SD */,
			);
		};
/* End PBXProject section */

/* Begin PBXResourcesBuildPhase section */
		96AA88EE1DDA46CC00AAFDAA /* Resources */ = {
			isa = PBXResourcesBuildPhase;
			buildActionMask = 2147483647;
			files = (
				96AA89001DDA46CC00AAFDAA /* LaunchScreen.storyboard in Resources */,
				96AA88FD1DDA46CC00AAFDAA /* Assets.xcassets in Resources */,
				96AA88FB1DDA46CC00AAFDAA /* Main.storyboard in Resources */,
			);
			runOnlyForDeploymentPostprocessing = 0;
		};
/* End PBXResourcesBuildPhase section */

/* Begin PBXSourcesBuildPhase section */
		96AA88EC1DDA46CC00AAFDAA /* Sources */ = {
			isa = PBXSourcesBuildPhase;
			buildActionMask = 2147483647;
			files = (
				96AA890A1DDA494200AAFDAA /* SeaVC.swift in Sources */,
				96AA88F81DDA46CC00AAFDAA /* BeeVC.swift in Sources */,
				96AA88F41DDA46CC00AAFDAA /* AppDelegate.swift in Sources */,
				96AA88F61DDA46CC00AAFDAA /* EhVC.swift in Sources */,
			);
			runOnlyForDeploymentPostprocessing = 0;
		};
/* End PBXSourcesBuildPhase section */

/* Begin PBXVariantGroup section */
		96AA88F91DDA46CC00AAFDAA /* Main.storyboard */ = {
			isa = PBXVariantGroup;
			children = (
				96AA88FA1DDA46CC00AAFDAA /* Base */,
			);
			name = Main.storyboard;
			sourceTree = "<group>";
		};
		96AA88FE1DDA46CC00AAFDAA /* LaunchScreen.storyboard */ = {
			isa = PBXVariantGroup;
			children = (
				96AA88FF1DDA46CC00AAFDAA /* Base */,
			);
			name = LaunchScreen.storyboard;
			sourceTree = "<group>";
		};
/* End PBXVariantGroup section */

/* Begin XCBuildConfiguration section */
		96AA89021DDA46CC00AAFDAA /* Debug */ = {
			isa = XCBuildConfiguration;
			buildSettings = {
				ALWAYS_SEARCH_USER_PATHS = NO;
				CLANG_ANALYZER_NONNULL = YES;
				CLANG_CXX_LANGUAGE_STANDARD = "gnu++0x";
				CLANG_CXX_LIBRARY = "libc++";
				CLANG_ENABLE_MODULES = YES;
				CLANG_ENABLE_OBJC_ARC = YES;
				CLANG_WARN_BOOL_CONVERSION = YES;
				CLANG_WARN_CONSTANT_CONVERSION = YES;
				CLANG_WARN_DIRECT_OBJC_ISA_USAGE = YES_ERROR;
				CLANG_WARN_EMPTY_BODY = YES;
				CLANG_WARN_ENUM_CONVERSION = YES;
				CLANG_WARN_INT_CONVERSION = YES;
				CLANG_WARN_OBJC_ROOT_CLASS = YES_ERROR;
				CLANG_WARN_UNREACHABLE_CODE = YES;
				CLANG_WARN__DUPLICATE_METHOD_MATCH = YES;
				"CODE_SIGN_IDENTITY[sdk=iphoneos*]" = "iPhone Developer";
				COPY_PHASE_STRIP = NO;
				DEBUG_INFORMATION_FORMAT = dwarf;
				ENABLE_STRICT_OBJC_MSGSEND = YES;
				ENABLE_TESTABILITY = YES;
				GCC_C_LANGUAGE_STANDARD = gnu99;
				GCC_DYNAMIC_NO_PIC = NO;
				GCC_NO_COMMON_BLOCKS = YES;
				GCC_OPTIMIZATION_LEVEL = 0;
				GCC_PREPROCESSOR_DEFINITIONS = (
					"DEBUG=1",
					"$(inherited)",
				);
				GCC_WARN_64_TO_32_BIT_CONVERSION = YES;
				GCC_WARN_ABOUT_RETURN_TYPE = YES_ERROR;
				GCC_WARN_UNDECLARED_SELECTOR = YES;
				GCC_WARN_UNINITIALIZED_AUTOS = YES_AGGRESSIVE;
				GCC_WARN_UNUSED_FUNCTION = YES;
				GCC_WARN_UNUSED_VARIABLE = YES;
				IPHONEOS_DEPLOYMENT_TARGET = 9.3;
				MTL_ENABLE_DEBUG_INFO = YES;
				ONLY_ACTIVE_ARCH = YES;
				SDKROOT = iphoneos;
				SWIFT_OPTIMIZATION_LEVEL = "-Onone";
			};
			name = Debug;
		};
		96AA89031DDA46CC00AAFDAA /* Release */ = {
			isa = XCBuildConfiguration;
			buildSettings = {
				ALWAYS_SEARCH_USER_PATHS = NO;
				CLANG_ANALYZER_NONNULL = YES;
				CLANG_CXX_LANGUAGE_STANDARD = "gnu++0x";
				CLANG_CXX_LIBRARY = "libc++";
				CLANG_ENABLE_MODULES = YES;
				CLANG_ENABLE_OBJC_ARC = YES;
				CLANG_WARN_BOOL_CONVERSION = YES;
				CLANG_WARN_CONSTANT_CONVERSION = YES;
				CLANG_WARN_DIRECT_OBJC_ISA_USAGE = YES_ERROR;
				CLANG_WARN_EMPTY_BODY = YES;
				CLANG_WARN_ENUM_CONVERSION = YES;
				CLANG_WARN_INT_CONVERSION = YES;
				CLANG_WARN_OBJC_ROOT_CLASS = YES_ERROR;
				CLANG_WARN_UNREACHABLE_CODE = YES;
				CLANG_WARN__DUPLICATE_METHOD_MATCH = YES;
				"CODE_SIGN_IDENTITY[sdk=iphoneos*]" = "iPhone Developer";
				COPY_PHASE_STRIP = NO;
				DEBUG_INFORMATION_FORMAT = "dwarf-with-dsym";
				ENABLE_NS_ASSERTIONS = NO;
				ENABLE_STRICT_OBJC_MSGSEND = YES;
				GCC_C_LANGUAGE_STANDARD = gnu99;
				GCC_NO_COMMON_BLOCKS = YES;
				GCC_WARN_64_TO_32_BIT_CONVERSION = YES;
				GCC_WARN_ABOUT_RETURN_TYPE = YES_ERROR;
				GCC_WARN_UNDECLARED_SELECTOR = YES;
				GCC_WARN_UNINITIALIZED_AUTOS = YES_AGGRESSIVE;
				GCC_WARN_UNUSED_FUNCTION = YES;
				GCC_WARN_UNUSED_VARIABLE = YES;
				IPHONEOS_DEPLOYMENT_TARGET = 9.3;
				MTL_ENABLE_DEBUG_INFO = NO;
				SDKROOT = iphoneos;
				VALIDATE_PRODUCT = YES;
			};
			name = Release;
		};
		96AA89051DDA46CC00AAFDAA /* Debug */ = {
			isa = XCBuildConfiguration;
			buildSettings = {
				ASSETCATALOG_COMPILER_APPICON_NAME = AppIcon;
				INFOPLIST_FILE = "GIT-ICE-SD/Info.plist";
				LD_RUNPATH_SEARCH_PATHS = "$(inherited) @executable_path/Frameworks";
				PRODUCT_BUNDLE_IDENTIFIER = "edu.nwmissouri.GIT-ICE-SD";
				PRODUCT_NAME = "$(TARGET_NAME)";
			};
			name = Debug;
		};
		96AA89061DDA46CC00AAFDAA /* Release */ = {
			isa = XCBuildConfiguration;
			buildSettings = {
				ASSETCATALOG_COMPILER_APPICON_NAME = AppIcon;
				INFOPLIST_FILE = "GIT-ICE-SD/Info.plist";
				LD_RUNPATH_SEARCH_PATHS = "$(inherited) @executable_path/Frameworks";
				PRODUCT_BUNDLE_IDENTIFIER = "edu.nwmissouri.GIT-ICE-SD";
				PRODUCT_NAME = "$(TARGET_NAME)";
			};
			name = Release;
		};
/* End XCBuildConfiguration section */

/* Begin XCConfigurationList section */
		96AA88EB1DDA46CC00AAFDAA /* Build configuration list for PBXProject "GIT-ICE-SD" */ = {
			isa = XCConfigurationList;
			buildConfigurations = (
				96AA89021DDA46CC00AAFDAA /* Debug */,
				96AA89031DDA46CC00AAFDAA /* Release */,
			);
			defaultConfigurationIsVisible = 0;
			defaultConfigurationName = Release;
		};
		96AA89041DDA46CC00AAFDAA /* Build configuration list for PBXNativeTarget "GIT-ICE-SD" */ = {
			isa = XCConfigurationList;
			buildConfigurations = (
				96AA89051DDA46CC00AAFDAA /* Debug */,
				96AA89061DDA46CC00AAFDAA /* Release */,
			);
			defaultConfigurationIsVisible = 0;
		};
/* End XCConfigurationList section */
	};
	rootObject = 96AA88E81DDA46CC00AAFDAA /* Project object */;
}
